// !$*UTF8*$!
{
	archiveVersion = 1;
	classes = {
	};
	objectVersion = 50;
	objects = {

/* Begin PBXAggregateTarget section */
		9E5E23D820908C4000B732E0 /* Swift-lint */ = {
			isa = PBXAggregateTarget;
			buildConfigurationList = 9E5E23DB20908C4000B732E0 /* Build configuration list for PBXAggregateTarget "Swift-lint" */;
			buildPhases = (
				9E5E23DC20908C4900B732E0 /* ShellScript */,
			);
			dependencies = (
			);
			name = "Swift-lint";
			productName = "Swift-lint";
		};
/* End PBXAggregateTarget section */

/* Begin PBXBuildFile section */
		9E404B66208D7F4A0025423D /* AppDelegate.swift in Sources */ = {isa = PBXBuildFile; fileRef = 9E404B65208D7F4A0025423D /* AppDelegate.swift */; };
		9E404B68208D7F4A0025423D /* ViewController.swift in Sources */ = {isa = PBXBuildFile; fileRef = 9E404B67208D7F4A0025423D /* ViewController.swift */; };
		9E404B6B208D7F4A0025423D /* Main.storyboard in Resources */ = {isa = PBXBuildFile; fileRef = 9E404B69208D7F4A0025423D /* Main.storyboard */; };
		9E404B6D208D7F4C0025423D /* Assets.xcassets in Resources */ = {isa = PBXBuildFile; fileRef = 9E404B6C208D7F4C0025423D /* Assets.xcassets */; };
		9E404B70208D7F4C0025423D /* LaunchScreen.storyboard in Resources */ = {isa = PBXBuildFile; fileRef = 9E404B6E208D7F4C0025423D /* LaunchScreen.storyboard */; };
		9E5E2291208DCACE00B732E0 /* Accelerate.framework in Frameworks */ = {isa = PBXBuildFile; fileRef = 9E5E2290208DCACE00B732E0 /* Accelerate.framework */; };
		9E5E22AE208EC82D00B732E0 /* nsync.a in Frameworks */ = {isa = PBXBuildFile; fileRef = 9E5E2298208DCB3D00B732E0 /* nsync.a */; };
		9E5E22AF208EC82D00B732E0 /* libprotobuf-lite.a in Frameworks */ = {isa = PBXBuildFile; fileRef = 9E5E2294208DCB1000B732E0 /* libprotobuf-lite.a */; };
		9E5E22B0208EC82D00B732E0 /* libprotobuf.a in Frameworks */ = {isa = PBXBuildFile; fileRef = 9E5E2295208DCB1000B732E0 /* libprotobuf.a */; };
		9E5E22B1208EC84900B732E0 /* libtensorflow-core.a in Frameworks */ = {isa = PBXBuildFile; fileRef = 9E5E2292208DCAEB00B732E0 /* libtensorflow-core.a */; };
		9E5E22C9208ECB5800B732E0 /* ImageRecognizer.mm in Sources */ = {isa = PBXBuildFile; fileRef = 9E5E22C8208ECB5700B732E0 /* ImageRecognizer.mm */; };
		9E5E22CD208ECB5E00B732E0 /* tensorflow_utils.mm in Sources */ = {isa = PBXBuildFile; fileRef = 9E5E22CB208ECB5E00B732E0 /* tensorflow_utils.mm */; };
		9E5E22D0208EDB2B00B732E0 /* imagenet_comp_graph_label_strings.txt in Resources */ = {isa = PBXBuildFile; fileRef = 9E5E22CE208EDB2B00B732E0 /* imagenet_comp_graph_label_strings.txt */; };
		9E5E22D1208EDB2B00B732E0 /* tensorflow_inception_graph.pb in Resources */ = {isa = PBXBuildFile; fileRef = 9E5E22CF208EDB2B00B732E0 /* tensorflow_inception_graph.pb */; };
		9E5E22D3208EDB9200B732E0 /* CameraView.swift in Sources */ = {isa = PBXBuildFile; fileRef = 9E5E22D2208EDB9200B732E0 /* CameraView.swift */; };
		9E5E23E420908C7D00B732E0 /* .swiftlint.yml in Resources */ = {isa = PBXBuildFile; fileRef = 9E5E23E320908C7D00B732E0 /* .swiftlint.yml */; };
/* End PBXBuildFile section */

/* Begin PBXFileReference section */
		9E404B62208D7F490025423D /* CameraRecognize.app */ = {isa = PBXFileReference; explicitFileType = wrapper.application; includeInIndex = 0; path = CameraRecognize.app; sourceTree = BUILT_PRODUCTS_DIR; };
		9E404B65208D7F4A0025423D /* AppDelegate.swift */ = {isa = PBXFileReference; lastKnownFileType = sourcecode.swift; path = AppDelegate.swift; sourceTree = "<group>"; };
		9E404B67208D7F4A0025423D /* ViewController.swift */ = {isa = PBXFileReference; lastKnownFileType = sourcecode.swift; path = ViewController.swift; sourceTree = "<group>"; };
		9E404B6A208D7F4A0025423D /* Base */ = {isa = PBXFileReference; lastKnownFileType = file.storyboard; name = Base; path = Base.lproj/Main.storyboard; sourceTree = "<group>"; };
		9E404B6C208D7F4C0025423D /* Assets.xcassets */ = {isa = PBXFileReference; lastKnownFileType = folder.assetcatalog; path = Assets.xcassets; sourceTree = "<group>"; };
		9E404B6F208D7F4C0025423D /* Base */ = {isa = PBXFileReference; lastKnownFileType = file.storyboard; name = Base; path = Base.lproj/LaunchScreen.storyboard; sourceTree = "<group>"; };
		9E404B71208D7F4C0025423D /* Info.plist */ = {isa = PBXFileReference; lastKnownFileType = text.plist.xml; path = Info.plist; sourceTree = "<group>"; };
		9E5E228D208DCAB900B732E0 /* README.md */ = {isa = PBXFileReference; fileEncoding = 4; lastKnownFileType = net.daringfireball.markdown; path = README.md; sourceTree = "<group>"; };
		9E5E2290208DCACE00B732E0 /* Accelerate.framework */ = {isa = PBXFileReference; lastKnownFileType = wrapper.framework; name = Accelerate.framework; path = System/Library/Frameworks/Accelerate.framework; sourceTree = SDKROOT; };
		9E5E2292208DCAEB00B732E0 /* libtensorflow-core.a */ = {isa = PBXFileReference; lastKnownFileType = archive.ar; name = "libtensorflow-core.a"; path = "tensorflow/tensorflow/contrib/makefile/gen/lib/libtensorflow-core.a"; sourceTree = "<group>"; };
		9E5E2294208DCB1000B732E0 /* libprotobuf-lite.a */ = {isa = PBXFileReference; lastKnownFileType = archive.ar; name = "libprotobuf-lite.a"; path = "tensorflow/tensorflow/contrib/makefile/gen/protobuf_ios/lib/libprotobuf-lite.a"; sourceTree = "<group>"; };
		9E5E2295208DCB1000B732E0 /* libprotobuf.a */ = {isa = PBXFileReference; lastKnownFileType = archive.ar; name = libprotobuf.a; path = tensorflow/tensorflow/contrib/makefile/gen/protobuf_ios/lib/libprotobuf.a; sourceTree = "<group>"; };
		9E5E2298208DCB3D00B732E0 /* nsync.a */ = {isa = PBXFileReference; lastKnownFileType = archive.ar; name = nsync.a; path = "tensorflow/tensorflow/contrib/makefile/downloads/nsync/builds/lipo.ios.c++11/nsync.a"; sourceTree = "<group>"; };
		9E5E22B8208EC99B00B732E0 /* CameraRecognize-Bridging-Header.h */ = {isa = PBXFileReference; lastKnownFileType = sourcecode.c.h; path = "CameraRecognize-Bridging-Header.h"; sourceTree = "<group>"; };
		9E5E22C7208ECB5700B732E0 /* ImageRecognizer.h */ = {isa = PBXFileReference; fileEncoding = 4; lastKnownFileType = sourcecode.c.h; path = ImageRecognizer.h; sourceTree = "<group>"; };
		9E5E22C8208ECB5700B732E0 /* ImageRecognizer.mm */ = {isa = PBXFileReference; fileEncoding = 4; lastKnownFileType = sourcecode.cpp.objcpp; path = ImageRecognizer.mm; sourceTree = "<group>"; };
		9E5E22CB208ECB5E00B732E0 /* tensorflow_utils.mm */ = {isa = PBXFileReference; fileEncoding = 4; lastKnownFileType = sourcecode.cpp.objcpp; path = tensorflow_utils.mm; sourceTree = "<group>"; };
		9E5E22CC208ECB5E00B732E0 /* tensorflow_utils.h */ = {isa = PBXFileReference; fileEncoding = 4; lastKnownFileType = sourcecode.c.h; path = tensorflow_utils.h; sourceTree = "<group>"; };
		9E5E22CE208EDB2B00B732E0 /* imagenet_comp_graph_label_strings.txt */ = {isa = PBXFileReference; fileEncoding = 4; lastKnownFileType = text; path = imagenet_comp_graph_label_strings.txt; sourceTree = "<group>"; };
		9E5E22CF208EDB2B00B732E0 /* tensorflow_inception_graph.pb */ = {isa = PBXFileReference; lastKnownFileType = file; path = tensorflow_inception_graph.pb; sourceTree = "<group>"; };
		9E5E22D2208EDB9200B732E0 /* CameraView.swift */ = {isa = PBXFileReference; fileEncoding = 4; lastKnownFileType = sourcecode.swift; path = CameraView.swift; sourceTree = "<group>"; };
		9E5E23E320908C7D00B732E0 /* .swiftlint.yml */ = {isa = PBXFileReference; lastKnownFileType = text; path = .swiftlint.yml; sourceTree = "<group>"; };
/* End PBXFileReference section */

/* Begin PBXFrameworksBuildPhase section */
		9E404B5F208D7F490025423D /* Frameworks */ = {
			isa = PBXFrameworksBuildPhase;
			buildActionMask = 2147483647;
			files = (
				9E5E22B1208EC84900B732E0 /* libtensorflow-core.a in Frameworks */,
				9E5E22AE208EC82D00B732E0 /* nsync.a in Frameworks */,
				9E5E22AF208EC82D00B732E0 /* libprotobuf-lite.a in Frameworks */,
				9E5E22B0208EC82D00B732E0 /* libprotobuf.a in Frameworks */,
				9E5E2291208DCACE00B732E0 /* Accelerate.framework in Frameworks */,
			);
			runOnlyForDeploymentPostprocessing = 0;
		};
/* End PBXFrameworksBuildPhase section */

/* Begin PBXGroup section */
		9E404B59208D7F490025423D = {
			isa = PBXGroup;
			children = (
				9E5E23E320908C7D00B732E0 /* .swiftlint.yml */,
				9E5E228D208DCAB900B732E0 /* README.md */,
				9E404B64208D7F490025423D /* CameraRecognize */,
				9E404B63208D7F490025423D /* Products */,
				9E5E228F208DCACE00B732E0 /* Frameworks */,
			);
			sourceTree = "<group>";
		};
		9E404B63208D7F490025423D /* Products */ = {
			isa = PBXGroup;
			children = (
				9E404B62208D7F490025423D /* CameraRecognize.app */,
			);
			name = Products;
			sourceTree = "<group>";
		};
		9E404B64208D7F490025423D /* CameraRecognize */ = {
			isa = PBXGroup;
			children = (
				9E5E22CA208ECB5E00B732E0 /* utils */,
				9E5E22C6208ECB5700B732E0 /* recognizer */,
				9E5E22C1208ECB4D00B732E0 /* data */,
				9E404B65208D7F4A0025423D /* AppDelegate.swift */,
				9E404B67208D7F4A0025423D /* ViewController.swift */,
				9E5E22D2208EDB9200B732E0 /* CameraView.swift */,
				9E404B69208D7F4A0025423D /* Main.storyboard */,
				9E404B6C208D7F4C0025423D /* Assets.xcassets */,
				9E404B6E208D7F4C0025423D /* LaunchScreen.storyboard */,
				9E404B71208D7F4C0025423D /* Info.plist */,
				9E5E22B8208EC99B00B732E0 /* CameraRecognize-Bridging-Header.h */,
			);
			path = CameraRecognize;
			sourceTree = "<group>";
		};
		9E5E228F208DCACE00B732E0 /* Frameworks */ = {
			isa = PBXGroup;
			children = (
				9E5E2298208DCB3D00B732E0 /* nsync.a */,
				9E5E2294208DCB1000B732E0 /* libprotobuf-lite.a */,
				9E5E2295208DCB1000B732E0 /* libprotobuf.a */,
				9E5E2292208DCAEB00B732E0 /* libtensorflow-core.a */,
				9E5E2290208DCACE00B732E0 /* Accelerate.framework */,
			);
			name = Frameworks;
			sourceTree = "<group>";
		};
		9E5E22C1208ECB4D00B732E0 /* data */ = {
			isa = PBXGroup;
			children = (
				9E5E22CE208EDB2B00B732E0 /* imagenet_comp_graph_label_strings.txt */,
				9E5E22CF208EDB2B00B732E0 /* tensorflow_inception_graph.pb */,
			);
			path = data;
			sourceTree = "<group>";
		};
		9E5E22C6208ECB5700B732E0 /* recognizer */ = {
			isa = PBXGroup;
			children = (
				9E5E22C7208ECB5700B732E0 /* ImageRecognizer.h */,
				9E5E22C8208ECB5700B732E0 /* ImageRecognizer.mm */,
			);
			path = recognizer;
			sourceTree = "<group>";
		};
		9E5E22CA208ECB5E00B732E0 /* utils */ = {
			isa = PBXGroup;
			children = (
				9E5E22CB208ECB5E00B732E0 /* tensorflow_utils.mm */,
				9E5E22CC208ECB5E00B732E0 /* tensorflow_utils.h */,
			);
			path = utils;
			sourceTree = "<group>";
		};
/* End PBXGroup section */

/* Begin PBXNativeTarget section */
		9E404B61208D7F490025423D /* CameraRecognize */ = {
			isa = PBXNativeTarget;
			buildConfigurationList = 9E404B74208D7F4C0025423D /* Build configuration list for PBXNativeTarget "CameraRecognize" */;
			buildPhases = (
				9E404B5E208D7F490025423D /* Sources */,
				9E404B5F208D7F490025423D /* Frameworks */,
				9E404B60208D7F490025423D /* Resources */,
			);
			buildRules = (
			);
			dependencies = (
			);
			name = CameraRecognize;
			productName = CameraRecognize;
			productReference = 9E404B62208D7F490025423D /* CameraRecognize.app */;
			productType = "com.apple.product-type.application";
		};
/* End PBXNativeTarget section */

/* Begin PBXProject section */
		9E404B5A208D7F490025423D /* Project object */ = {
			isa = PBXProject;
			attributes = {
				LastSwiftUpdateCheck = 0930;
				LastUpgradeCheck = 0930;
				ORGANIZATIONNAME = "宇宙超级无敌可爱美少女";
				TargetAttributes = {
					9E404B61208D7F490025423D = {
						CreatedOnToolsVersion = 9.3;
						LastSwiftMigration = 0930;
					};
					9E5E23D820908C4000B732E0 = {
						CreatedOnToolsVersion = 9.3;
					};
				};
			};
			buildConfigurationList = 9E404B5D208D7F490025423D /* Build configuration list for PBXProject "CameraRecognize" */;
			compatibilityVersion = "Xcode 9.3";
			developmentRegion = en;
			hasScannedForEncodings = 0;
			knownRegions = (
				en,
				Base,
			);
			mainGroup = 9E404B59208D7F490025423D;
			productRefGroup = 9E404B63208D7F490025423D /* Products */;
			projectDirPath = "";
			projectRoot = "";
			targets = (
				9E404B61208D7F490025423D /* CameraRecognize */,
				9E5E23D820908C4000B732E0 /* Swift-lint */,
			);
		};
/* End PBXProject section */

/* Begin PBXResourcesBuildPhase section */
		9E404B60208D7F490025423D /* Resources */ = {
			isa = PBXResourcesBuildPhase;
			buildActionMask = 2147483647;
			files = (
				9E5E23E420908C7D00B732E0 /* .swiftlint.yml in Resources */,
				9E5E22D0208EDB2B00B732E0 /* imagenet_comp_graph_label_strings.txt in Resources */,
				9E404B70208D7F4C0025423D /* LaunchScreen.storyboard in Resources */,
				9E404B6D208D7F4C0025423D /* Assets.xcassets in Resources */,
				9E404B6B208D7F4A0025423D /* Main.storyboard in Resources */,
				9E5E22D1208EDB2B00B732E0 /* tensorflow_inception_graph.pb in Resources */,
			);
			runOnlyForDeploymentPostprocessing = 0;
		};
/* End PBXResourcesBuildPhase section */

/* Begin PBXShellScriptBuildPhase section */
		9E5E23DC20908C4900B732E0 /* ShellScript */ = {
			isa = PBXShellScriptBuildPhase;
			buildActionMask = 2147483647;
			files = (
			);
			inputPaths = (
			);
			outputPaths = (
			);
			runOnlyForDeploymentPostprocessing = 0;
			shellPath = /bin/sh;
			shellScript = "if which swiftlint >/dev/null; then\nswiftlint\nelse\necho \"warning: SwiftLint not installed, download from https://github.com/realm/SwiftLint\"\nfi\n";
		};
/* End PBXShellScriptBuildPhase section */

/* Begin PBXSourcesBuildPhase section */
		9E404B5E208D7F490025423D /* Sources */ = {
			isa = PBXSourcesBuildPhase;
			buildActionMask = 2147483647;
			files = (
				9E5E22C9208ECB5800B732E0 /* ImageRecognizer.mm in Sources */,
				9E404B68208D7F4A0025423D /* ViewController.swift in Sources */,
				9E5E22CD208ECB5E00B732E0 /* tensorflow_utils.mm in Sources */,
				9E5E22D3208EDB9200B732E0 /* CameraView.swift in Sources */,
				9E404B66208D7F4A0025423D /* AppDelegate.swift in Sources */,
			);
			runOnlyForDeploymentPostprocessing = 0;
		};
/* End PBXSourcesBuildPhase section */

/* Begin PBXVariantGroup section */
		9E404B69208D7F4A0025423D /* Main.storyboard */ = {
			isa = PBXVariantGroup;
			children = (
				9E404B6A208D7F4A0025423D /* Base */,
			);
			name = Main.storyboard;
			sourceTree = "<group>";
		};
		9E404B6E208D7F4C0025423D /* LaunchScreen.storyboard */ = {
			isa = PBXVariantGroup;
			children = (
				9E404B6F208D7F4C0025423D /* Base */,
			);
			name = LaunchScreen.storyboard;
			sourceTree = "<group>";
		};
/* End PBXVariantGroup section */

/* Begin XCBuildConfiguration section */
		9E404B72208D7F4C0025423D /* Debug */ = {
			isa = XCBuildConfiguration;
			buildSettings = {
				ALWAYS_SEARCH_USER_PATHS = NO;
				CLANG_ANALYZER_NONNULL = YES;
				CLANG_ANALYZER_NUMBER_OBJECT_CONVERSION = YES_AGGRESSIVE;
				CLANG_CXX_LANGUAGE_STANDARD = "gnu++14";
				CLANG_CXX_LIBRARY = "libc++";
				CLANG_ENABLE_MODULES = YES;
				CLANG_ENABLE_OBJC_ARC = YES;
				CLANG_ENABLE_OBJC_WEAK = YES;
				CLANG_WARN_BLOCK_CAPTURE_AUTORELEASING = YES;
				CLANG_WARN_BOOL_CONVERSION = YES;
				CLANG_WARN_COMMA = YES;
				CLANG_WARN_CONSTANT_CONVERSION = YES;
				CLANG_WARN_DEPRECATED_OBJC_IMPLEMENTATIONS = YES;
				CLANG_WARN_DIRECT_OBJC_ISA_USAGE = YES_ERROR;
				CLANG_WARN_DOCUMENTATION_COMMENTS = YES;
				CLANG_WARN_EMPTY_BODY = YES;
				CLANG_WARN_ENUM_CONVERSION = YES;
				CLANG_WARN_INFINITE_RECURSION = YES;
				CLANG_WARN_INT_CONVERSION = YES;
				CLANG_WARN_NON_LITERAL_NULL_CONVERSION = YES;
				CLANG_WARN_OBJC_IMPLICIT_RETAIN_SELF = YES;
				CLANG_WARN_OBJC_LITERAL_CONVERSION = YES;
				CLANG_WARN_OBJC_ROOT_CLASS = YES_ERROR;
				CLANG_WARN_RANGE_LOOP_ANALYSIS = YES;
				CLANG_WARN_STRICT_PROTOTYPES = YES;
				CLANG_WARN_SUSPICIOUS_MOVE = YES;
				CLANG_WARN_UNGUARDED_AVAILABILITY = YES_AGGRESSIVE;
				CLANG_WARN_UNREACHABLE_CODE = YES;
				CLANG_WARN__DUPLICATE_METHOD_MATCH = YES;
				CODE_SIGN_IDENTITY = "iPhone Developer";
				COPY_PHASE_STRIP = NO;
				DEBUG_INFORMATION_FORMAT = dwarf;
				ENABLE_STRICT_OBJC_MSGSEND = YES;
				ENABLE_TESTABILITY = YES;
				GCC_C_LANGUAGE_STANDARD = gnu11;
				GCC_DYNAMIC_NO_PIC = NO;
				GCC_NO_COMMON_BLOCKS = YES;
				GCC_OPTIMIZATION_LEVEL = 0;
				GCC_PREPROCESSOR_DEFINITIONS = (
					"DEBUG=1",
					"$(inherited)",
				);
				GCC_WARN_64_TO_32_BIT_CONVERSION = YES;
				GCC_WARN_ABOUT_RETURN_TYPE = YES_ERROR;
				GCC_WARN_UNDECLARED_SELECTOR = YES;
				GCC_WARN_UNINITIALIZED_AUTOS = YES_AGGRESSIVE;
				GCC_WARN_UNUSED_FUNCTION = YES;
				GCC_WARN_UNUSED_VARIABLE = YES;
				IPHONEOS_DEPLOYMENT_TARGET = 11.3;
				MTL_ENABLE_DEBUG_INFO = YES;
				ONLY_ACTIVE_ARCH = YES;
				SDKROOT = iphoneos;
				SWIFT_ACTIVE_COMPILATION_CONDITIONS = DEBUG;
				SWIFT_OPTIMIZATION_LEVEL = "-Onone";
			};
			name = Debug;
		};
		9E404B73208D7F4C0025423D /* Release */ = {
			isa = XCBuildConfiguration;
			buildSettings = {
				ALWAYS_SEARCH_USER_PATHS = NO;
				CLANG_ANALYZER_NONNULL = YES;
				CLANG_ANALYZER_NUMBER_OBJECT_CONVERSION = YES_AGGRESSIVE;
				CLANG_CXX_LANGUAGE_STANDARD = "gnu++14";
				CLANG_CXX_LIBRARY = "libc++";
				CLANG_ENABLE_MODULES = YES;
				CLANG_ENABLE_OBJC_ARC = YES;
				CLANG_ENABLE_OBJC_WEAK = YES;
				CLANG_WARN_BLOCK_CAPTURE_AUTORELEASING = YES;
				CLANG_WARN_BOOL_CONVERSION = YES;
				CLANG_WARN_COMMA = YES;
				CLANG_WARN_CONSTANT_CONVERSION = YES;
				CLANG_WARN_DEPRECATED_OBJC_IMPLEMENTATIONS = YES;
				CLANG_WARN_DIRECT_OBJC_ISA_USAGE = YES_ERROR;
				CLANG_WARN_DOCUMENTATION_COMMENTS = YES;
				CLANG_WARN_EMPTY_BODY = YES;
				CLANG_WARN_ENUM_CONVERSION = YES;
				CLANG_WARN_INFINITE_RECURSION = YES;
				CLANG_WARN_INT_CONVERSION = YES;
				CLANG_WARN_NON_LITERAL_NULL_CONVERSION = YES;
				CLANG_WARN_OBJC_IMPLICIT_RETAIN_SELF = YES;
				CLANG_WARN_OBJC_LITERAL_CONVERSION = YES;
				CLANG_WARN_OBJC_ROOT_CLASS = YES_ERROR;
				CLANG_WARN_RANGE_LOOP_ANALYSIS = YES;
				CLANG_WARN_STRICT_PROTOTYPES = YES;
				CLANG_WARN_SUSPICIOUS_MOVE = YES;
				CLANG_WARN_UNGUARDED_AVAILABILITY = YES_AGGRESSIVE;
				CLANG_WARN_UNREACHABLE_CODE = YES;
				CLANG_WARN__DUPLICATE_METHOD_MATCH = YES;
				CODE_SIGN_IDENTITY = "iPhone Developer";
				COPY_PHASE_STRIP = NO;
				DEBUG_INFORMATION_FORMAT = "dwarf-with-dsym";
				ENABLE_NS_ASSERTIONS = NO;
				ENABLE_STRICT_OBJC_MSGSEND = YES;
				GCC_C_LANGUAGE_STANDARD = gnu11;
				GCC_NO_COMMON_BLOCKS = YES;
				GCC_WARN_64_TO_32_BIT_CONVERSION = YES;
				GCC_WARN_ABOUT_RETURN_TYPE = YES_ERROR;
				GCC_WARN_UNDECLARED_SELECTOR = YES;
				GCC_WARN_UNINITIALIZED_AUTOS = YES_AGGRESSIVE;
				GCC_WARN_UNUSED_FUNCTION = YES;
				GCC_WARN_UNUSED_VARIABLE = YES;
				IPHONEOS_DEPLOYMENT_TARGET = 11.3;
				MTL_ENABLE_DEBUG_INFO = NO;
				SDKROOT = iphoneos;
				SWIFT_COMPILATION_MODE = wholemodule;
				SWIFT_OPTIMIZATION_LEVEL = "-O";
				VALIDATE_PRODUCT = YES;
			};
			name = Release;
		};
		9E404B75208D7F4C0025423D /* Debug */ = {
			isa = XCBuildConfiguration;
			buildSettings = {
				ASSETCATALOG_COMPILER_APPICON_NAME = AppIcon;
				CLANG_ENABLE_MODULES = YES;
				CLANG_WARN_DOCUMENTATION_COMMENTS = NO;
				CODE_SIGN_STYLE = Automatic;
				DEVELOPMENT_TEAM = 4NNZ238874;
				ENABLE_BITCODE = NO;
				GCC_WARN_ABOUT_DEPRECATED_FUNCTIONS = NO;
				HEADER_SEARCH_PATHS = (
					"$(PROJECT_DIR)/tensorflow/tensorflow/contrib/makefile/downloads/protobuf/src\n",
					"$(PROJECT_DIR)/tensorflow/tensorflow/contrib/makefile/downloads/nsync/public\n",
					"$(PROJECT_DIR)/tensorflow/tensorflow/contrib/makefile/gen\n",
					"$(PROJECT_DIR)",
					"$(PROJECT_DIR)/tensorflow/tensorflow/contrib/makefile/downloads/eigen\n",
					"$(PROJECT_DIR)/tensorflow/tensorflow/contrib/makefile/downloads",
					"$(PROJECT_DIR)/tensorflow",
					"$(PROJECT_DIR)/tensorflow/tensorflow/contrib/makefile/gen/proto/\n",
				);
				INFOPLIST_FILE = CameraRecognize/Info.plist;
				IPHONEOS_DEPLOYMENT_TARGET = 9.0;
				LD_RUNPATH_SEARCH_PATHS = (
					"$(inherited)",
					"@executable_path/Frameworks",
				);
				LIBRARY_SEARCH_PATHS = (
					"$(inherited)",
					"$(PROJECT_DIR)/tensorflow/tensorflow/contrib/makefile/downloads/nsync/builds/lipo.ios.c++11",
					"$(PROJECT_DIR)/tensorflow/tensorflow/contrib/makefile/gen/protobuf_ios/lib",
					"$(PROJECT_DIR)/tensorflow/tensorflow/contrib/makefile/gen/lib",
				);
				OTHER_LDFLAGS = (
					"$(PROJECT_DIR)/tensorflow/tensorflow/contrib/makefile/gen/protobuf_ios/lib/libprotobuf-lite.a",
					"-force_load",
					"$(PROJECT_DIR)/tensorflow/tensorflow/contrib/makefile/gen/lib/libtensorflow-core.a",
					"$(PROJECT_DIR)/tensorflow/tensorflow/contrib/makefile/gen/protobuf_ios/lib/libprotobuf.a",
				);
				PRODUCT_BUNDLE_IDENTIFIER = charlotte.CameraRecognize;
				PRODUCT_NAME = "$(TARGET_NAME)";
				SWIFT_OBJC_BRIDGING_HEADER = "CameraRecognize/CameraRecognize-Bridging-Header.h";
				SWIFT_OPTIMIZATION_LEVEL = "-Onone";
				SWIFT_VERSION = 4.0;
				TARGETED_DEVICE_FAMILY = "1,2";
			};
			name = Debug;
		};
		9E404B76208D7F4C0025423D /* Release */ = {
			isa = XCBuildConfiguration;
			buildSettings = {
				ASSETCATALOG_COMPILER_APPICON_NAME = AppIcon;
				CLANG_ENABLE_MODULES = YES;
				CLANG_WARN_DOCUMENTATION_COMMENTS = NO;
				CODE_SIGN_STYLE = Automatic;
				DEVELOPMENT_TEAM = 4NNZ238874;
				ENABLE_BITCODE = NO;
				GCC_WARN_ABOUT_DEPRECATED_FUNCTIONS = NO;
				HEADER_SEARCH_PATHS = (
					"$(PROJECT_DIR)/tensorflow/tensorflow/contrib/makefile/downloads/protobuf/src\n",
					"$(PROJECT_DIR)/tensorflow/tensorflow/contrib/makefile/downloads/nsync/public\n",
					"$(PROJECT_DIR)/tensorflow/tensorflow/contrib/makefile/gen\n",
					"$(PROJECT_DIR)",
					"$(PROJECT_DIR)/tensorflow/tensorflow/contrib/makefile/downloads/eigen\n",
					"$(PROJECT_DIR)/tensorflow/tensorflow/contrib/makefile/downloads",
					"$(PROJECT_DIR)/tensorflow",
					"$(PROJECT_DIR)/tensorflow/tensorflow/contrib/makefile/gen/proto/\n",
				);
				INFOPLIST_FILE = CameraRecognize/Info.plist;
				IPHONEOS_DEPLOYMENT_TARGET = 9.0;
				LD_RUNPATH_SEARCH_PATHS = (
					"$(inherited)",
					"@executable_path/Frameworks",
				);
				LIBRARY_SEARCH_PATHS = (
					"$(inherited)",
					"$(PROJECT_DIR)/tensorflow/tensorflow/contrib/makefile/downloads/nsync/builds/lipo.ios.c++11",
					"$(PROJECT_DIR)/tensorflow/tensorflow/contrib/makefile/gen/protobuf_ios/lib",
					"$(PROJECT_DIR)/tensorflow/tensorflow/contrib/makefile/gen/lib",
				);
				OTHER_LDFLAGS = (
					"$(PROJECT_DIR)/tensorflow/tensorflow/contrib/makefile/gen/protobuf_ios/lib/libprotobuf-lite.a",
					"-force_load",
					"$(PROJECT_DIR)/tensorflow/tensorflow/contrib/makefile/gen/lib/libtensorflow-core.a",
					"$(PROJECT_DIR)/tensorflow/tensorflow/contrib/makefile/gen/protobuf_ios/lib/libprotobuf.a",
				);
				PRODUCT_BUNDLE_IDENTIFIER = charlotte.CameraRecognize;
				PRODUCT_NAME = "$(TARGET_NAME)";
				SWIFT_OBJC_BRIDGING_HEADER = "CameraRecognize/CameraRecognize-Bridging-Header.h";
				SWIFT_VERSION = 4.0;
				TARGETED_DEVICE_FAMILY = "1,2";
			};
			name = Release;
		};
		9E5E23D920908C4000B732E0 /* Debug */ = {
			isa = XCBuildConfiguration;
			buildSettings = {
				CODE_SIGN_STYLE = Automatic;
				DEVELOPMENT_TEAM = 4NNZ238874;
				PRODUCT_NAME = "$(TARGET_NAME)";
			};
			name = Debug;
		};
		9E5E23DA20908C4000B732E0 /* Release */ = {
			isa = XCBuildConfiguration;
			buildSettings = {
				CODE_SIGN_STYLE = Automatic;
				DEVELOPMENT_TEAM = 4NNZ238874;
				PRODUCT_NAME = "$(TARGET_NAME)";
			};
			name = Release;
		};
/* End XCBuildConfiguration section */

/* Begin XCConfigurationList section */
		9E404B5D208D7F490025423D /* Build configuration list for PBXProject "CameraRecognize" */ = {
			isa = XCConfigurationList;
			buildConfigurations = (
				9E404B72208D7F4C0025423D /* Debug */,
				9E404B73208D7F4C0025423D /* Release */,
			);
			defaultConfigurationIsVisible = 0;
			defaultConfigurationName = Release;
		};
		9E404B74208D7F4C0025423D /* Build configuration list for PBXNativeTarget "CameraRecognize" */ = {
			isa = XCConfigurationList;
			buildConfigurations = (
				9E404B75208D7F4C0025423D /* Debug */,
				9E404B76208D7F4C0025423D /* Release */,
			);
			defaultConfigurationIsVisible = 0;
			defaultConfigurationName = Release;
		};
		9E5E23DB20908C4000B732E0 /* Build configuration list for PBXAggregateTarget "Swift-lint" */ = {
			isa = XCConfigurationList;
			buildConfigurations = (
				9E5E23D920908C4000B732E0 /* Debug */,
				9E5E23DA20908C4000B732E0 /* Release */,
			);
			defaultConfigurationIsVisible = 0;
			defaultConfigurationName = Release;
		};
/* End XCConfigurationList section */
	};
	rootObject = 9E404B5A208D7F490025423D /* Project object */;
}
